Microsoft Visual Studio Solution File, Format Version 12.00
# Visual Studio 15
VisualStudioVersion = 15.0.28010.2003
MinimumVisualStudioVersion = 10.0.40219.1
Project("{9A19103F-16F7-4668-BE54-9A1E7A4F7556}") = "Calculator", "Calculator\Calculator.csproj", "{70E099A8-093D-41B6-BEB4-99FFA0F702E2}"
EndProject
Project("{9A19103F-16F7-4668-BE54-9A1E7A4F7556}") = "CalculatorTest", "CalculatorTest\CalculatorTest.csproj", "{BBA7B04C-D89A-46AB-866B-7B0ED3DA502A}"
EndProject
Project("{9A19103F-16F7-4668-BE54-9A1E7A4F7556}") = "ListMerger", "ListMerger\ListMerger.csproj", "{E4275A16-C0E3-46D8-837E-A4F0D9D84AD9}"
EndProject
Project("{9A19103F-16F7-4668-BE54-9A1E7A4F7556}") = "CprAgeCalc", "CprAgeCalc\CprAgeCalc.csproj", "{6B78FFF3-4BE1-4637-9EAE-34C9646FAA6F}"
EndProject
Global
	GlobalSection(SolutionConfigurationPlatforms) = preSolution
		Debug|Any CPU = Debug|Any CPU
		Release|Any CPU = Release|Any CPU
	EndGlobalSection
	GlobalSection(ProjectConfigurationPlatforms) = postSolution
		{70E099A8-093D-41B6-BEB4-99FFA0F702E2}.Debug|Any CPU.ActiveCfg = Debug|Any CPU
		{70E099A8-093D-41B6-BEB4-99FFA0F702E2}.Debug|Any CPU.Build.0 = Debug|Any CPU
		{70E099A8-093D-41B6-BEB4-99FFA0F702E2}.Release|Any CPU.ActiveCfg = Release|Any CPU
		{70E099A8-093D-41B6-BEB4-99FFA0F702E2}.Release|Any CPU.Build.0 = Release|Any CPU
		{BBA7B04C-D89A-46AB-866B-7B0ED3DA502A}.Debug|Any CPU.ActiveCfg = Debug|Any CPU
		{BBA7B04C-D89A-46AB-866B-7B0ED3DA502A}.Debug|Any CPU.Build.0 = Debug|Any CPU
		{BBA7B04C-D89A-46AB-866B-7B0ED3DA502A}.Release|Any CPU.ActiveCfg = Release|Any CPU
		{BBA7B04C-D89A-46AB-866B-7B0ED3DA502A}.Release|Any CPU.Build.0 = Release|Any CPU
		{E4275A16-C0E3-46D8-837E-A4F0D9D84AD9}.Debug|Any CPU.ActiveCfg = Debug|Any CPU
		{E4275A16-C0E3-46D8-837E-A4F0D9D84AD9}.Debug|Any CPU.Build.0 = Debug|Any CPU
		{E4275A16-C0E3-46D8-837E-A4F0D9D84AD9}.Release|Any CPU.ActiveCfg = Release|Any CPU
		{E4275A16-C0E3-46D8-837E-A4F0D9D84AD9}.Release|Any CPU.Build.0 = Release|Any CPU
		{6B78FFF3-4BE1-4637-9EAE-34C9646FAA6F}.Debug|Any CPU.ActiveCfg = Debug|Any CPU
		{6B78FFF3-4BE1-4637-9EAE-34C9646FAA6F}.Debug|Any CPU.Build.0 = Debug|Any CPU
		{6B78FFF3-4BE1-4637-9EAE-34C9646FAA6F}.Release|Any CPU.ActiveCfg = Release|Any CPU
		{6B78FFF3-4BE1-4637-9EAE-34C9646FAA6F}.Release|Any CPU.Build.0 = Release|Any CPU
	EndGlobalSection
	GlobalSection(SolutionProperties) = preSolution
		HideSolutionNode = FALSE
	EndGlobalSection
	GlobalSection(ExtensibilityGlobals) = postSolution
		SolutionGuid = {48283518-AA5B-49C4-BBC8-A76BDA94CD00}
	EndGlobalSection
EndGlobal
